
Microsoft Visual Studio Solution File, Format Version 12.00
# Visual Studio Version 17
VisualStudioVersion = 17.13.35931.197 d17.13
MinimumVisualStudioVersion = 10.0.40219.1
Project("{8BC9CEB8-8B4A-11D0-8D11-00A0C91BC942}") = "SimilarityChecker", "SimilarityChecker.vcxproj", "{40869BD9-7AE8-4731-800A-697B30AED9BB}"
EndProject
Global
	GlobalSection(SolutionConfigurationPlatforms) = preSolution
		Debug|x64 = Debug|x64
		Debug|x86 = Debug|x86
		Release|x64 = Release|x64
		Release|x86 = Release|x86
	EndGlobalSection
	GlobalSection(ProjectConfigurationPlatforms) = postSolution
		{40869BD9-7AE8-4731-800A-697B30AED9BB}.Debug|x64.ActiveCfg = Debug|x64
		{40869BD9-7AE8-4731-800A-697B30AED9BB}.Debug|x64.Build.0 = Debug|x64
		{40869BD9-7AE8-4731-800A-697B30AED9BB}.Debug|x86.ActiveCfg = Debug|Win32
		{40869BD9-7AE8-4731-800A-697B30AED9BB}.Debug|x86.Build.0 = Debug|Win32
		{40869BD9-7AE8-4731-800A-697B30AED9BB}.Release|x64.ActiveCfg = Release|x64
		{40869BD9-7AE8-4731-800A-697B30AED9BB}.Release|x64.Build.0 = Release|x64
		{40869BD9-7AE8-4731-800A-697B30AED9BB}.Release|x86.ActiveCfg = Release|Win32
		{40869BD9-7AE8-4731-800A-697B30AED9BB}.Release|x86.Build.0 = Release|Win32
	EndGlobalSection
	GlobalSection(SolutionProperties) = preSolution
		HideSolutionNode = FALSE
	EndGlobalSection
	GlobalSection(ExtensibilityGlobals) = postSolution
		SolutionGuid = {BFF67608-A852-477C-AC55-C60024DE1961}
	EndGlobalSection
EndGlobal
